
Microsoft Visual Studio Solution File, Format Version 12.00
# Visual Studio Version 16
VisualStudioVersion = 16.0.29215.179
MinimumVisualStudioVersion = 10.0.40219.1
Project("{FAE04EC0-301F-11D3-BF4B-00C04F79EFBC}") = "TFIDF", "TFIDF\TFIDF.csproj", "{D6E528A5-1D28-4817-AB88-B69DB5C27535}"
EndProject
Project("{FAE04EC0-301F-11D3-BF4B-00C04F79EFBC}") = "Cache", "Cache\Cache.csproj", "{CD436D18-7755-42FE-92E7-3688D529FBDC}"
EndProject
Project("{FAE04EC0-301F-11D3-BF4B-00C04F79EFBC}") = "TFIDF_TestProgram", "TFIIDF_TestProgram\TFIDF_TestProgram.csproj", "{3EBF3F1C-AEC3-4ABA-98D6-880349CE5940}"
EndProject
Project("{FAE04EC0-301F-11D3-BF4B-00C04F79EFBC}") = "TFIDF_Tests", "Test\TFIDF_Tests\TFIDF_Tests.csproj", "{B68E7A76-1F6E-480A-AF79-1B9D6D1B4078}"
EndProject
Project("{FAE04EC0-301F-11D3-BF4B-00C04F79EFBC}") = "AlgoCache_Tests", "Test\AlgoCache_Tests\AlgoCache_Tests.csproj", "{5F2874C1-5AB7-4620-AC36-3AB5F6159DB5}"
EndProject
Global
	GlobalSection(SolutionConfigurationPlatforms) = preSolution
		Debug|Any CPU = Debug|Any CPU
		Release|Any CPU = Release|Any CPU
	EndGlobalSection
	GlobalSection(ProjectConfigurationPlatforms) = postSolution
		{D6E528A5-1D28-4817-AB88-B69DB5C27535}.Debug|Any CPU.ActiveCfg = Debug|Any CPU
		{D6E528A5-1D28-4817-AB88-B69DB5C27535}.Debug|Any CPU.Build.0 = Debug|Any CPU
		{D6E528A5-1D28-4817-AB88-B69DB5C27535}.Release|Any CPU.ActiveCfg = Release|Any CPU
		{D6E528A5-1D28-4817-AB88-B69DB5C27535}.Release|Any CPU.Build.0 = Release|Any CPU
		{CD436D18-7755-42FE-92E7-3688D529FBDC}.Debug|Any CPU.ActiveCfg = Debug|Any CPU
		{CD436D18-7755-42FE-92E7-3688D529FBDC}.Debug|Any CPU.Build.0 = Debug|Any CPU
		{CD436D18-7755-42FE-92E7-3688D529FBDC}.Release|Any CPU.ActiveCfg = Release|Any CPU
		{CD436D18-7755-42FE-92E7-3688D529FBDC}.Release|Any CPU.Build.0 = Release|Any CPU
		{3EBF3F1C-AEC3-4ABA-98D6-880349CE5940}.Debug|Any CPU.ActiveCfg = Debug|Any CPU
		{3EBF3F1C-AEC3-4ABA-98D6-880349CE5940}.Debug|Any CPU.Build.0 = Debug|Any CPU
		{3EBF3F1C-AEC3-4ABA-98D6-880349CE5940}.Release|Any CPU.ActiveCfg = Release|Any CPU
		{3EBF3F1C-AEC3-4ABA-98D6-880349CE5940}.Release|Any CPU.Build.0 = Release|Any CPU
		{B68E7A76-1F6E-480A-AF79-1B9D6D1B4078}.Debug|Any CPU.ActiveCfg = Debug|Any CPU
		{B68E7A76-1F6E-480A-AF79-1B9D6D1B4078}.Debug|Any CPU.Build.0 = Debug|Any CPU
		{B68E7A76-1F6E-480A-AF79-1B9D6D1B4078}.Release|Any CPU.ActiveCfg = Release|Any CPU
		{B68E7A76-1F6E-480A-AF79-1B9D6D1B4078}.Release|Any CPU.Build.0 = Release|Any CPU
		{5F2874C1-5AB7-4620-AC36-3AB5F6159DB5}.Debug|Any CPU.ActiveCfg = Debug|Any CPU
		{5F2874C1-5AB7-4620-AC36-3AB5F6159DB5}.Debug|Any CPU.Build.0 = Debug|Any CPU
		{5F2874C1-5AB7-4620-AC36-3AB5F6159DB5}.Release|Any CPU.ActiveCfg = Release|Any CPU
		{5F2874C1-5AB7-4620-AC36-3AB5F6159DB5}.Release|Any CPU.Build.0 = Release|Any CPU
	EndGlobalSection
	GlobalSection(SolutionProperties) = preSolution
		HideSolutionNode = FALSE
	EndGlobalSection
	GlobalSection(ExtensibilityGlobals) = postSolution
		SolutionGuid = {96673BF7-AC79-4A47-8E5B-3915B8E28DFC}
	EndGlobalSection
EndGlobal
